github.com/boltdb/bolt v1.2.2-0.20160616193316-3f7947a25d97 h1:vCK/F442FX1RoGPWKcQLdNm8C8DxjEqihoPDPqqdo5M=
github.com/boltdb/bolt v1.2.2-0.20160616193316-3f7947a25d97/go.mod h1:clJnj/oiGkjum5o1McbSZDSLxVThjynRyGBgiAx27Ps=
github.com/cenk/backoff v1.0.1-0.20160526204934-a6030178a585 h1:OPLmllbMTy7M4rRaTt0Fs1A1haNwhGEkJJ6xgKhFT4s=
github.com/cenk/backoff v1.0.1-0.20160526204934-a6030178a585/go.mod h1:7FtoeaSnHoZnmZzz47cM35Y9nSW7tNyaidugnHTaFDE=
github.com/cenk/bitfield v0.0.0-20160603124655-a6292f4ee5df h1:i9+6v0MLeGolyKdJLdPSaXo9RIpuJOPDPpU0xE6aPNg=
github.com/cenk/bitfield v0.0.0-20160603124655-a6292f4ee5df/go.mod h1:YAUOXs2gyXm1+aJ0psQJznkMcGdyOjOFG4QcaCqdf/U=
github.com/golang/protobuf v1.3.1 h1:YF8+flBXS5eO826T4nzqPrxfhQThhXl0YzfuUPu4SBg=
github.com/golang/protobuf v1.3.1/go.mod h1:6lQm79b+lXiMfvg/cZm0SGofjICqVBUtrP5yJMmIC1U=
github.com/igungor/go-putio v0.0.0-20161129111850-7247a3d60c78 h1:9cdeGbs4kFs0Ub2eFsWuFI1G8q9xedXErp6hAVfhBj0=
github.com/igungor/go-putio v0.0.0-20161129111850-7247a3d60c78/go.mod h1:JiHXOl+xJXPZXoIYmAjPNOKr2cJFsXTX0BmzjJQaWd0=
github.com/putdotio/go-putio v0.0.0-20190822121956-19b9c636c877 h1:sKIa5MAIViLAnQbEo+uiDi2FMowy8KcdZW8XZpmyNxs=
github.com/putdotio/go-putio v0.0.0-20190822121956-19b9c636c877/go.mod h1:EWtDL88jJLLWZzywr0QaPO+mGP8gFpvl8dcox8qTk3Y=
github.com/putdotio/putio-sync v0.0.0-20171107114547-fc95a159f37a h1:rJLo/rET2VHTrTpXyCpBpdkDRWJ3BN73+bG3Gtif2y0=
github.com/putdotio/putio-sync v0.0.0-20171107114547-fc95a159f37a/go.mod h1:kff/HYACJRRpT6d/cDkIKfhH4y5M0ydC6HH1XhK4j/Q=
github.com/rjeczalik/notify v0.0.0-20160804185246-48fbf980305b h1:r+i9m7WGIl4/tGd+X6NZ5ICFSvYhCVYaU8m8nLsc2+I=
github.com/rjeczalik/notify v0.0.0-20160804185246-48fbf980305b/go.mod h1:rKwnCoCGeuQnwBtTSPL9Dad03Vh2n40ePRrjvIXnJho=
golang.org/x/crypto v0.0.0-20190308221718-c2843e01d9a2/go.mod h1:djNgcEr1/C05ACkg1iLfiJU5Ep61QUkGW8qpdssI0+w=
golang.org/x/net v0.0.0-20190603091049-60506f45cf65 h1:+rhAzEzT3f4JtomfC371qB+0Ola2caSKcY69NUBZrRQ=
golang.org/x/net v0.0.0-20190603091049-60506f45cf65/go.mod h1:HSz+uSET+XFnRR8LxR5pz3Of3rY3CfYBVs4xY44aLks=
golang.org/x/oauth2 v0.0.0-20160608215109-65a8d08c6292 h1:HXWhxjZW2BJxGm1bt3b3Au7QNJc+/D8pjM1tfdDLlm8=
golang.org/x/oauth2 v0.0.0-20160608215109-65a8d08c6292/go.mod h1:N/0e6XlmueqKjAGxoOufVs8QHGRruUQn6yWY3a++T0U=
golang.org/x/sync v0.0.0-20160715190549-316e794f7b5e h1:AbEChyefHVI5Fa4xKLRezQd3iKinN/x877iIY109trc=
golang.org/x/sync v0.0.0-20160715190549-316e794f7b5e/go.mod h1:RxMgew5VJxzue5/jJTE5uejpjVlOe/izrB70Jof72aM=
golang.org/x/sys v0.0.0-20190215142949-d0b11bdaac8a/go.mod h1:STP8DvDyc/dI5b8T5hshtkjS+E42TnysNCUPdjciGhY=
golang.org/x/sys v0.0.0-20191206220618-eeba5f6aabab h1:FvshnhkKW+LO3HWHodML8kuVX8rnJTxKm9dFPuI68UM=
golang.org/x/sys v0.0.0-20191206220618-eeba5f6aabab/go.mod h1:h1NjWce9XRLGQEsW7wpKNCjG9DtNlClVuFLEZdDNbEs=
golang.org/x/text v0.3.0/go.mod h1:NqM8EUOU14njkJ3fqMW+pc6Ldnwhi/IjpwHt7yyuwOQ=
golang.org/x/text v0.3.2/go.mod h1:bEr9sfX3Q8Zfm5fL9x+3itogRgK3+ptLWKqgva+5dAk=
golang.org/x/tools v0.0.0-20180917221912-90fa682c2a6e/go.mod h1:n7NCudcB/nEzxVGmLbDWY5pfWTLqBcC2KZ6jyYvM4mQ=
google.golang.org/appengine v1.6.5 h1:tycE03LOZYQNhDpS27tcQdAzLCVMaj7QT2SXxebnpCM=
google.golang.org/appengine v1.6.5/go.mod h1:8WjMMxjGQR8xUklV/ARdw2HLXBOI7O7uCIDZVag1xfc=
